
Microsoft Visual Studio Solution File, Format Version 12.00
# Visual Studio Version 17
VisualStudioVersion = 17.14.36221.1 d17.14
MinimumVisualStudioVersion = 10.0.40219.1
Project("{FAE04EC0-301F-11D3-BF4B-00C04F79EFBC}") = "MauiBlazorLantern", "MauiBlazorLantern\MauiBlazorLantern.csproj", "{A7A58F9E-012F-42F9-AE3B-72E70163930B}"
EndProject
Global
	GlobalSection(SolutionConfigurationPlatforms) = preSolution
		Debug|Any CPU = Debug|Any CPU
		Release|Any CPU = Release|Any CPU
	EndGlobalSection
	GlobalSection(ProjectConfigurationPlatforms) = postSolution
		{A7A58F9E-012F-42F9-AE3B-72E70163930B}.Debug|Any CPU.ActiveCfg = Debug|Any CPU
		{A7A58F9E-012F-42F9-AE3B-72E70163930B}.Debug|Any CPU.Build.0 = Debug|Any CPU
		{A7A58F9E-012F-42F9-AE3B-72E70163930B}.Debug|Any CPU.Deploy.0 = Debug|Any CPU
		{A7A58F9E-012F-42F9-AE3B-72E70163930B}.Release|Any CPU.ActiveCfg = Release|Any CPU
		{A7A58F9E-012F-42F9-AE3B-72E70163930B}.Release|Any CPU.Build.0 = Release|Any CPU
		{A7A58F9E-012F-42F9-AE3B-72E70163930B}.Release|Any CPU.Deploy.0 = Release|Any CPU
	EndGlobalSection
	GlobalSection(SolutionProperties) = preSolution
		HideSolutionNode = FALSE
	EndGlobalSection
	GlobalSection(ExtensibilityGlobals) = postSolution
		SolutionGuid = {76ECE5F2-12CE-464A-96B0-5D495D5EC850}
	EndGlobalSection
EndGlobal
