
Microsoft Visual Studio Solution File, Format Version 12.00
# Visual Studio Version 17
VisualStudioVersion = 17.8.34330.188
MinimumVisualStudioVersion = 10.0.40219.1
Project("{FAE04EC0-301F-11D3-BF4B-00C04F79EFBC}") = "MauiAppLaptop", "MauiAppLaptop.csproj", "{FFD3B44E-1EB9-4F23-B382-3DFDB3D73AD3}"
EndProject
Global
	GlobalSection(SolutionConfigurationPlatforms) = preSolution
		Debug|Any CPU = Debug|Any CPU
		Release|Any CPU = Release|Any CPU
	EndGlobalSection
	GlobalSection(ProjectConfigurationPlatforms) = postSolution
		{FFD3B44E-1EB9-4F23-B382-3DFDB3D73AD3}.Debug|Any CPU.ActiveCfg = Debug|Any CPU
		{FFD3B44E-1EB9-4F23-B382-3DFDB3D73AD3}.Debug|Any CPU.Build.0 = Debug|Any CPU
		{FFD3B44E-1EB9-4F23-B382-3DFDB3D73AD3}.Debug|Any CPU.Deploy.0 = Debug|Any CPU
		{FFD3B44E-1EB9-4F23-B382-3DFDB3D73AD3}.Release|Any CPU.ActiveCfg = Release|Any CPU
		{FFD3B44E-1EB9-4F23-B382-3DFDB3D73AD3}.Release|Any CPU.Build.0 = Release|Any CPU
		{FFD3B44E-1EB9-4F23-B382-3DFDB3D73AD3}.Release|Any CPU.Deploy.0 = Release|Any CPU
	EndGlobalSection
	GlobalSection(SolutionProperties) = preSolution
		HideSolutionNode = FALSE
	EndGlobalSection
	GlobalSection(ExtensibilityGlobals) = postSolution
		SolutionGuid = {709882EE-583C-417D-AA93-83A975871F18}
	EndGlobalSection
EndGlobal
